
Microsoft Visual Studio Solution File, Format Version 12.00
# Visual Studio 14
VisualStudioVersion = 14.0.25123.0
MinimumVisualStudioVersion = 10.0.40219.1
Project("{FAE04EC0-301F-11D3-BF4B-00C04F79EFBC}") = "sumIntro", "sumIntro\sumIntro.csproj", "{F5234BCD-96BB-4E42-A4F2-F9FBFA0431DF}"
EndProject
Project("{FAE04EC0-301F-11D3-BF4B-00C04F79EFBC}") = "SavePrisioners", "SavePrisioners\SavePrisioners.csproj", "{5C9F59CC-8DFC-44A1-B06E-A318128AAFAE}"
EndProject
Project("{FAE04EC0-301F-11D3-BF4B-00C04F79EFBC}") = "TimeConversion", "TimeConversion\TimeConversion.csproj", "{902C7286-8817-4960-9178-5BAFE24D527F}"
EndProject
Project("{FAE04EC0-301F-11D3-BF4B-00C04F79EFBC}") = "Sherlock and The Beast", "Sherlock and The Beast\Sherlock and The Beast.csproj", "{BE3E4050-4E42-4613-B404-66026BE94A86}"
EndProject
Project("{FAE04EC0-301F-11D3-BF4B-00C04F79EFBC}") = "Sherlock and beast 2", "Cherlock and beast 2\Sherlock and beast 2.csproj", "{3B5ECED4-8CD5-460C-89C4-2189A61F6A99}"
EndProject
Project("{FAE04EC0-301F-11D3-BF4B-00C04F79EFBC}") = "Equal Stacks", "Equal Stacks\Equal Stacks.csproj", "{EC296871-ABBA-4217-9FD9-A9F329D0881D}"
EndProject
Project("{FAE04EC0-301F-11D3-BF4B-00C04F79EFBC}") = "EvenlyDivision", "EvenlyDivision\EvenlyDivision.csproj", "{554C2509-D8E5-46A7-9957-EFFACB330CD5}"
EndProject
Project("{FAE04EC0-301F-11D3-BF4B-00C04F79EFBC}") = "Cut the sticks", "Cut the sticks\Cut the sticks.csproj", "{DFC94262-70E8-4D8B-AD25-EC0A1B797E49}"
EndProject
Project("{FAE04EC0-301F-11D3-BF4B-00C04F79EFBC}") = "Bribes", "Bribes\Bribes.csproj", "{EBDD3936-650C-4F57-A57E-687834CBBC79}"
EndProject
Project("{FAE04EC0-301F-11D3-BF4B-00C04F79EFBC}") = "minimumDistanceArr", "minimumDistanceArr\minimumDistanceArr.csproj", "{0DA17AA4-DEE2-44E5-A315-90A1BF1822C4}"
EndProject
Project("{FAE04EC0-301F-11D3-BF4B-00C04F79EFBC}") = "WorkBook", "WorkBook\WorkBook.csproj", "{68CDD346-94CC-4CB5-B0A6-01B87651C308}"
EndProject
Project("{FAE04EC0-301F-11D3-BF4B-00C04F79EFBC}") = "Loaf", "Loaf\Loaf.csproj", "{E5A1DFC1-6CB7-493C-869B-376BB851244A}"
EndProject
Project("{FAE04EC0-301F-11D3-BF4B-00C04F79EFBC}") = "Utopian Tree", "Utopian Tree\Utopian Tree.csproj", "{04CD6B1A-4801-403C-94F1-FF55B915041D}"
EndProject
Project("{FAE04EC0-301F-11D3-BF4B-00C04F79EFBC}") = "Divisible Sum Pairs", "Divisible Sum Pairs\Divisible Sum Pairs.csproj", "{FE01E583-0CF3-46AE-ADC9-B8ABEE446E9A}"
EndProject
Project("{FAE04EC0-301F-11D3-BF4B-00C04F79EFBC}") = "LuckBalance", "LuckBalance\LuckBalance.csproj", "{02216BB7-061C-42AC-A6B6-5BDB05D1AA8A}"
EndProject
Project("{FAE04EC0-301F-11D3-BF4B-00C04F79EFBC}") = "BEautifuk Binary String", "BEautifuk Binary String\BEautifuk Binary String.csproj", "{24ED857B-285A-457C-99D3-21EF20403349}"
EndProject
Project("{FAE04EC0-301F-11D3-BF4B-00C04F79EFBC}") = "Kangaroo", "Kangaroo\Kangaroo.csproj", "{5A9CC0FC-7122-416E-AAD2-B81476F86C68}"
EndProject
Project("{FAE04EC0-301F-11D3-BF4B-00C04F79EFBC}") = "Amazon1", "Amazon1\Amazon1.csproj", "{1F3F3990-B7EB-4D54-A86F-58B05BA5EBFE}"
EndProject
Project("{FAE04EC0-301F-11D3-BF4B-00C04F79EFBC}") = "Amazon2", "Amazon2\Amazon2.csproj", "{024062A2-C6FE-4464-8232-52451C79DDD5}"
EndProject
Project("{FAE04EC0-301F-11D3-BF4B-00C04F79EFBC}") = "Amazon3", "Amazon3\Amazon3.csproj", "{033D0D61-E95C-4C8B-B9A0-91502F1F449C}"
EndProject
Project("{FAE04EC0-301F-11D3-BF4B-00C04F79EFBC}") = "reduced string", "reduced string\reduced string.csproj", "{25FA4DB2-BED9-42B7-8437-A0B1286B84CE}"
EndProject
Project("{FAE04EC0-301F-11D3-BF4B-00C04F79EFBC}") = "panagram", "panagram\panagram.csproj", "{1AB2F6F4-4EA8-44B9-BBE1-FC69823EEA91}"
EndProject
Project("{FAE04EC0-301F-11D3-BF4B-00C04F79EFBC}") = "LonelyInteger", "LonelyInteger\LonelyInteger.csproj", "{DA8B4BD9-A7B7-4251-9FDE-8D3AB4BD3CD2}"
EndProject
Project("{FAE04EC0-301F-11D3-BF4B-00C04F79EFBC}") = "binSearch", "binSearch\binSearch.csproj", "{B90A21AE-C352-4FCA-AAE5-C06EECCA1CE5}"
EndProject
Project("{FAE04EC0-301F-11D3-BF4B-00C04F79EFBC}") = "FunnyString", "FunnyString\FunnyString.csproj", "{9E8E6E99-EAEB-443A-BD03-86A16A49F613}"
EndProject
Project("{FAE04EC0-301F-11D3-BF4B-00C04F79EFBC}") = "FlipBits", "FlipBits\FlipBits.csproj", "{256D8519-986A-4586-953C-D128CE543409}"
EndProject
Project("{FAE04EC0-301F-11D3-BF4B-00C04F79EFBC}") = "InsertionSort", "InsertionSort\InsertionSort.csproj", "{3F80C31D-BB20-4CBB-BDD2-7031987DB6DB}"
EndProject
Project("{FAE04EC0-301F-11D3-BF4B-00C04F79EFBC}") = "ShortestPath", "ShortestPath\ShortestPath.csproj", "{451021F9-DA7E-4A03-AB27-0BD9FCAA402C}"
EndProject
Project("{FAE04EC0-301F-11D3-BF4B-00C04F79EFBC}") = "sumContAndDisc", "sumContAndDisc\sumContAndDisc.csproj", "{CE45EA97-824C-4FA4-9769-E26DFC9EC057}"
EndProject
Project("{FAE04EC0-301F-11D3-BF4B-00C04F79EFBC}") = "taum and bday", "taum and bday\taum and bday.csproj", "{E9929296-211F-4F5C-B2F5-5CEBB8AF70E1}"
EndProject
Project("{FAE04EC0-301F-11D3-BF4B-00C04F79EFBC}") = "taum and bdayTests", "taum and bdayTests\taum and bdayTests.csproj", "{D2E9A9DB-382C-4D1D-8047-B343E7DEC544}"
EndProject
Project("{FAE04EC0-301F-11D3-BF4B-00C04F79EFBC}") = "AorB", "AorB\AorB.csproj", "{C5B33EAA-3A76-4CA7-AF08-79093B717978}"
EndProject
Project("{FAE04EC0-301F-11D3-BF4B-00C04F79EFBC}") = "AorBTests", "AorBTests\AorBTests.csproj", "{C8549DF1-F1C9-45F7-9FD8-353A37AF9A72}"
EndProject
Project("{FAE04EC0-301F-11D3-BF4B-00C04F79EFBC}") = "aaHelper", "Helper\aaHelper.csproj", "{5B410423-902C-4DF3-A46C-900216733724}"
EndProject
Project("{FAE04EC0-301F-11D3-BF4B-00C04F79EFBC}") = "AorB2", "AorB2\AorB2.csproj", "{BE4B34C1-C1E1-4DDC-B025-E8CAE64B753E}"
EndProject
Project("{FAE04EC0-301F-11D3-BF4B-00C04F79EFBC}") = "Mandragora Forest", "Mandragora Forest\Mandragora Forest.csproj", "{F872C1C6-269F-487C-A241-7ACD2C96B1DF}"
EndProject
Project("{FAE04EC0-301F-11D3-BF4B-00C04F79EFBC}") = "alternating characters", "alternating characters\alternating characters.csproj", "{A31331EB-1309-47E2-AE1E-14770B93DC9D}"
EndProject
Project("{FAE04EC0-301F-11D3-BF4B-00C04F79EFBC}") = "FibModified", "FibModified\FibModified.csproj", "{5A6863C3-6BE7-4C98-B9E7-48C6E7C002F4}"
EndProject
Project("{FAE04EC0-301F-11D3-BF4B-00C04F79EFBC}") = "Sherlock and Squares", "Sherlock and Squares\Sherlock and Squares.csproj", "{7DA1B48E-0B79-456D-B772-969F3BED3B14}"
EndProject
Project("{FAE04EC0-301F-11D3-BF4B-00C04F79EFBC}") = "Roads in Hackerland", "Roads in Hackerland\Roads in Hackerland.csproj", "{0188C746-DFDA-49D8-9F7D-A8DA4E85175B}"
EndProject
Project("{FAE04EC0-301F-11D3-BF4B-00C04F79EFBC}") = "Sherlock and Array", "Sherlock and Array\Sherlock and Array.csproj", "{DB517F69-4A30-4706-8DD5-2B8A796951B1}"
EndProject
Project("{FAE04EC0-301F-11D3-BF4B-00C04F79EFBC}") = "CloudGame", "CloudGame\CloudGame.csproj", "{9769F73B-4375-44F5-A4B5-19D2DE3EB1DD}"
EndProject
Project("{FAE04EC0-301F-11D3-BF4B-00C04F79EFBC}") = "Cavity Map", "Cavity Map\Cavity Map.csproj", "{21B175BC-5970-40C4-AF38-ADA427C8A680}"
EndProject
Project("{FAE04EC0-301F-11D3-BF4B-00C04F79EFBC}") = "Service Lane", "Service Lane\Service Lane.csproj", "{BE1AFA94-F5F4-4A37-8B4E-EC53A8E4DEE0}"
EndProject
Project("{FAE04EC0-301F-11D3-BF4B-00C04F79EFBC}") = "InsertionSort2", "InsertionSort2\InsertionSort2.csproj", "{B8EDD921-793B-4F3F-91DE-739290ECC362}"
EndProject
Project("{FAE04EC0-301F-11D3-BF4B-00C04F79EFBC}") = "LongFactorials", "LongFactorials\LongFactorials.csproj", "{098510F3-9F7B-4C64-BC87-82D6EAFF98E5}"
EndProject
Project("{FAE04EC0-301F-11D3-BF4B-00C04F79EFBC}") = "LibraryFine", "LibraryFine\LibraryFine.csproj", "{3FD69A38-886D-4731-BFBA-F5ED11D03911}"
EndProject
Project("{FAE04EC0-301F-11D3-BF4B-00C04F79EFBC}") = "CommonSubstring", "CommonSubstring\CommonSubstring.csproj", "{39B98117-5E62-436F-9F0D-4CB482225A5F}"
EndProject
Project("{FAE04EC0-301F-11D3-BF4B-00C04F79EFBC}") = "KaprekarNumber", "KaprekarNumber\KaprekarNumber.csproj", "{1D90F56E-B141-4664-8779-72EEEDAD595E}"
EndProject
Project("{FAE04EC0-301F-11D3-BF4B-00C04F79EFBC}") = "BombermanGame", "BombermanGame\BombermanGame.csproj", "{D1FACB8A-3254-44C5-AAB0-E713856B7EF4}"
EndProject
Global
	GlobalSection(SolutionConfigurationPlatforms) = preSolution
		Debug|Any CPU = Debug|Any CPU
		Release|Any CPU = Release|Any CPU
	EndGlobalSection
	GlobalSection(ProjectConfigurationPlatforms) = postSolution
		{F5234BCD-96BB-4E42-A4F2-F9FBFA0431DF}.Debug|Any CPU.ActiveCfg = Debug|Any CPU
		{F5234BCD-96BB-4E42-A4F2-F9FBFA0431DF}.Debug|Any CPU.Build.0 = Debug|Any CPU
		{F5234BCD-96BB-4E42-A4F2-F9FBFA0431DF}.Release|Any CPU.ActiveCfg = Release|Any CPU
		{F5234BCD-96BB-4E42-A4F2-F9FBFA0431DF}.Release|Any CPU.Build.0 = Release|Any CPU
		{5C9F59CC-8DFC-44A1-B06E-A318128AAFAE}.Debug|Any CPU.ActiveCfg = Debug|Any CPU
		{5C9F59CC-8DFC-44A1-B06E-A318128AAFAE}.Debug|Any CPU.Build.0 = Debug|Any CPU
		{5C9F59CC-8DFC-44A1-B06E-A318128AAFAE}.Release|Any CPU.ActiveCfg = Release|Any CPU
		{5C9F59CC-8DFC-44A1-B06E-A318128AAFAE}.Release|Any CPU.Build.0 = Release|Any CPU
		{902C7286-8817-4960-9178-5BAFE24D527F}.Debug|Any CPU.ActiveCfg = Debug|Any CPU
		{902C7286-8817-4960-9178-5BAFE24D527F}.Debug|Any CPU.Build.0 = Debug|Any CPU
		{902C7286-8817-4960-9178-5BAFE24D527F}.Release|Any CPU.ActiveCfg = Release|Any CPU
		{902C7286-8817-4960-9178-5BAFE24D527F}.Release|Any CPU.Build.0 = Release|Any CPU
		{BE3E4050-4E42-4613-B404-66026BE94A86}.Debug|Any CPU.ActiveCfg = Debug|Any CPU
		{BE3E4050-4E42-4613-B404-66026BE94A86}.Debug|Any CPU.Build.0 = Debug|Any CPU
		{BE3E4050-4E42-4613-B404-66026BE94A86}.Release|Any CPU.ActiveCfg = Release|Any CPU
		{BE3E4050-4E42-4613-B404-66026BE94A86}.Release|Any CPU.Build.0 = Release|Any CPU
		{3B5ECED4-8CD5-460C-89C4-2189A61F6A99}.Debug|Any CPU.ActiveCfg = Debug|Any CPU
		{3B5ECED4-8CD5-460C-89C4-2189A61F6A99}.Debug|Any CPU.Build.0 = Debug|Any CPU
		{3B5ECED4-8CD5-460C-89C4-2189A61F6A99}.Release|Any CPU.ActiveCfg = Release|Any CPU
		{3B5ECED4-8CD5-460C-89C4-2189A61F6A99}.Release|Any CPU.Build.0 = Release|Any CPU
		{EC296871-ABBA-4217-9FD9-A9F329D0881D}.Debug|Any CPU.ActiveCfg = Debug|Any CPU
		{EC296871-ABBA-4217-9FD9-A9F329D0881D}.Debug|Any CPU.Build.0 = Debug|Any CPU
		{EC296871-ABBA-4217-9FD9-A9F329D0881D}.Release|Any CPU.ActiveCfg = Release|Any CPU
		{EC296871-ABBA-4217-9FD9-A9F329D0881D}.Release|Any CPU.Build.0 = Release|Any CPU
		{554C2509-D8E5-46A7-9957-EFFACB330CD5}.Debug|Any CPU.ActiveCfg = Debug|Any CPU
		{554C2509-D8E5-46A7-9957-EFFACB330CD5}.Debug|Any CPU.Build.0 = Debug|Any CPU
		{554C2509-D8E5-46A7-9957-EFFACB330CD5}.Release|Any CPU.ActiveCfg = Release|Any CPU
		{554C2509-D8E5-46A7-9957-EFFACB330CD5}.Release|Any CPU.Build.0 = Release|Any CPU
		{DFC94262-70E8-4D8B-AD25-EC0A1B797E49}.Debug|Any CPU.ActiveCfg = Debug|Any CPU
		{DFC94262-70E8-4D8B-AD25-EC0A1B797E49}.Debug|Any CPU.Build.0 = Debug|Any CPU
		{DFC94262-70E8-4D8B-AD25-EC0A1B797E49}.Release|Any CPU.ActiveCfg = Release|Any CPU
		{DFC94262-70E8-4D8B-AD25-EC0A1B797E49}.Release|Any CPU.Build.0 = Release|Any CPU
		{EBDD3936-650C-4F57-A57E-687834CBBC79}.Debug|Any CPU.ActiveCfg = Debug|Any CPU
		{EBDD3936-650C-4F57-A57E-687834CBBC79}.Debug|Any CPU.Build.0 = Debug|Any CPU
		{EBDD3936-650C-4F57-A57E-687834CBBC79}.Release|Any CPU.ActiveCfg = Release|Any CPU
		{EBDD3936-650C-4F57-A57E-687834CBBC79}.Release|Any CPU.Build.0 = Release|Any CPU
		{0DA17AA4-DEE2-44E5-A315-90A1BF1822C4}.Debug|Any CPU.ActiveCfg = Debug|Any CPU
		{0DA17AA4-DEE2-44E5-A315-90A1BF1822C4}.Debug|Any CPU.Build.0 = Debug|Any CPU
		{0DA17AA4-DEE2-44E5-A315-90A1BF1822C4}.Release|Any CPU.ActiveCfg = Release|Any CPU
		{0DA17AA4-DEE2-44E5-A315-90A1BF1822C4}.Release|Any CPU.Build.0 = Release|Any CPU
		{68CDD346-94CC-4CB5-B0A6-01B87651C308}.Debug|Any CPU.ActiveCfg = Debug|Any CPU
		{68CDD346-94CC-4CB5-B0A6-01B87651C308}.Debug|Any CPU.Build.0 = Debug|Any CPU
		{68CDD346-94CC-4CB5-B0A6-01B87651C308}.Release|Any CPU.ActiveCfg = Release|Any CPU
		{68CDD346-94CC-4CB5-B0A6-01B87651C308}.Release|Any CPU.Build.0 = Release|Any CPU
		{E5A1DFC1-6CB7-493C-869B-376BB851244A}.Debug|Any CPU.ActiveCfg = Debug|Any CPU
		{E5A1DFC1-6CB7-493C-869B-376BB851244A}.Debug|Any CPU.Build.0 = Debug|Any CPU
		{E5A1DFC1-6CB7-493C-869B-376BB851244A}.Release|Any CPU.ActiveCfg = Release|Any CPU
		{E5A1DFC1-6CB7-493C-869B-376BB851244A}.Release|Any CPU.Build.0 = Release|Any CPU
		{04CD6B1A-4801-403C-94F1-FF55B915041D}.Debug|Any CPU.ActiveCfg = Debug|Any CPU
		{04CD6B1A-4801-403C-94F1-FF55B915041D}.Debug|Any CPU.Build.0 = Debug|Any CPU
		{04CD6B1A-4801-403C-94F1-FF55B915041D}.Release|Any CPU.ActiveCfg = Release|Any CPU
		{04CD6B1A-4801-403C-94F1-FF55B915041D}.Release|Any CPU.Build.0 = Release|Any CPU
		{FE01E583-0CF3-46AE-ADC9-B8ABEE446E9A}.Debug|Any CPU.ActiveCfg = Debug|Any CPU
		{FE01E583-0CF3-46AE-ADC9-B8ABEE446E9A}.Debug|Any CPU.Build.0 = Debug|Any CPU
		{FE01E583-0CF3-46AE-ADC9-B8ABEE446E9A}.Release|Any CPU.ActiveCfg = Release|Any CPU
		{FE01E583-0CF3-46AE-ADC9-B8ABEE446E9A}.Release|Any CPU.Build.0 = Release|Any CPU
		{02216BB7-061C-42AC-A6B6-5BDB05D1AA8A}.Debug|Any CPU.ActiveCfg = Debug|Any CPU
		{02216BB7-061C-42AC-A6B6-5BDB05D1AA8A}.Debug|Any CPU.Build.0 = Debug|Any CPU
		{02216BB7-061C-42AC-A6B6-5BDB05D1AA8A}.Release|Any CPU.ActiveCfg = Release|Any CPU
		{02216BB7-061C-42AC-A6B6-5BDB05D1AA8A}.Release|Any CPU.Build.0 = Release|Any CPU
		{24ED857B-285A-457C-99D3-21EF20403349}.Debug|Any CPU.ActiveCfg = Debug|Any CPU
		{24ED857B-285A-457C-99D3-21EF20403349}.Debug|Any CPU.Build.0 = Debug|Any CPU
		{24ED857B-285A-457C-99D3-21EF20403349}.Release|Any CPU.ActiveCfg = Release|Any CPU
		{24ED857B-285A-457C-99D3-21EF20403349}.Release|Any CPU.Build.0 = Release|Any CPU
		{5A9CC0FC-7122-416E-AAD2-B81476F86C68}.Debug|Any CPU.ActiveCfg = Debug|Any CPU
		{5A9CC0FC-7122-416E-AAD2-B81476F86C68}.Debug|Any CPU.Build.0 = Debug|Any CPU
		{5A9CC0FC-7122-416E-AAD2-B81476F86C68}.Release|Any CPU.ActiveCfg = Release|Any CPU
		{5A9CC0FC-7122-416E-AAD2-B81476F86C68}.Release|Any CPU.Build.0 = Release|Any CPU
		{1F3F3990-B7EB-4D54-A86F-58B05BA5EBFE}.Debug|Any CPU.ActiveCfg = Debug|Any CPU
		{1F3F3990-B7EB-4D54-A86F-58B05BA5EBFE}.Debug|Any CPU.Build.0 = Debug|Any CPU
		{1F3F3990-B7EB-4D54-A86F-58B05BA5EBFE}.Release|Any CPU.ActiveCfg = Release|Any CPU
		{1F3F3990-B7EB-4D54-A86F-58B05BA5EBFE}.Release|Any CPU.Build.0 = Release|Any CPU
		{024062A2-C6FE-4464-8232-52451C79DDD5}.Debug|Any CPU.ActiveCfg = Debug|Any CPU
		{024062A2-C6FE-4464-8232-52451C79DDD5}.Debug|Any CPU.Build.0 = Debug|Any CPU
		{024062A2-C6FE-4464-8232-52451C79DDD5}.Release|Any CPU.ActiveCfg = Release|Any CPU
		{024062A2-C6FE-4464-8232-52451C79DDD5}.Release|Any CPU.Build.0 = Release|Any CPU
		{033D0D61-E95C-4C8B-B9A0-91502F1F449C}.Debug|Any CPU.ActiveCfg = Debug|Any CPU
		{033D0D61-E95C-4C8B-B9A0-91502F1F449C}.Debug|Any CPU.Build.0 = Debug|Any CPU
		{033D0D61-E95C-4C8B-B9A0-91502F1F449C}.Release|Any CPU.ActiveCfg = Release|Any CPU
		{033D0D61-E95C-4C8B-B9A0-91502F1F449C}.Release|Any CPU.Build.0 = Release|Any CPU
		{25FA4DB2-BED9-42B7-8437-A0B1286B84CE}.Debug|Any CPU.ActiveCfg = Debug|Any CPU
		{25FA4DB2-BED9-42B7-8437-A0B1286B84CE}.Debug|Any CPU.Build.0 = Debug|Any CPU
		{25FA4DB2-BED9-42B7-8437-A0B1286B84CE}.Release|Any CPU.ActiveCfg = Release|Any CPU
		{25FA4DB2-BED9-42B7-8437-A0B1286B84CE}.Release|Any CPU.Build.0 = Release|Any CPU
		{1AB2F6F4-4EA8-44B9-BBE1-FC69823EEA91}.Debug|Any CPU.ActiveCfg = Debug|Any CPU
		{1AB2F6F4-4EA8-44B9-BBE1-FC69823EEA91}.Debug|Any CPU.Build.0 = Debug|Any CPU
		{1AB2F6F4-4EA8-44B9-BBE1-FC69823EEA91}.Release|Any CPU.ActiveCfg = Release|Any CPU
		{1AB2F6F4-4EA8-44B9-BBE1-FC69823EEA91}.Release|Any CPU.Build.0 = Release|Any CPU
		{DA8B4BD9-A7B7-4251-9FDE-8D3AB4BD3CD2}.Debug|Any CPU.ActiveCfg = Debug|Any CPU
		{DA8B4BD9-A7B7-4251-9FDE-8D3AB4BD3CD2}.Debug|Any CPU.Build.0 = Debug|Any CPU
		{DA8B4BD9-A7B7-4251-9FDE-8D3AB4BD3CD2}.Release|Any CPU.ActiveCfg = Release|Any CPU
		{DA8B4BD9-A7B7-4251-9FDE-8D3AB4BD3CD2}.Release|Any CPU.Build.0 = Release|Any CPU
		{B90A21AE-C352-4FCA-AAE5-C06EECCA1CE5}.Debug|Any CPU.ActiveCfg = Debug|Any CPU
		{B90A21AE-C352-4FCA-AAE5-C06EECCA1CE5}.Debug|Any CPU.Build.0 = Debug|Any CPU
		{B90A21AE-C352-4FCA-AAE5-C06EECCA1CE5}.Release|Any CPU.ActiveCfg = Release|Any CPU
		{B90A21AE-C352-4FCA-AAE5-C06EECCA1CE5}.Release|Any CPU.Build.0 = Release|Any CPU
		{9E8E6E99-EAEB-443A-BD03-86A16A49F613}.Debug|Any CPU.ActiveCfg = Debug|Any CPU
		{9E8E6E99-EAEB-443A-BD03-86A16A49F613}.Debug|Any CPU.Build.0 = Debug|Any CPU
		{9E8E6E99-EAEB-443A-BD03-86A16A49F613}.Release|Any CPU.ActiveCfg = Release|Any CPU
		{9E8E6E99-EAEB-443A-BD03-86A16A49F613}.Release|Any CPU.Build.0 = Release|Any CPU
		{256D8519-986A-4586-953C-D128CE543409}.Debug|Any CPU.ActiveCfg = Debug|Any CPU
		{256D8519-986A-4586-953C-D128CE543409}.Debug|Any CPU.Build.0 = Debug|Any CPU
		{256D8519-986A-4586-953C-D128CE543409}.Release|Any CPU.ActiveCfg = Release|Any CPU
		{256D8519-986A-4586-953C-D128CE543409}.Release|Any CPU.Build.0 = Release|Any CPU
		{3F80C31D-BB20-4CBB-BDD2-7031987DB6DB}.Debug|Any CPU.ActiveCfg = Debug|Any CPU
		{3F80C31D-BB20-4CBB-BDD2-7031987DB6DB}.Debug|Any CPU.Build.0 = Debug|Any CPU
		{3F80C31D-BB20-4CBB-BDD2-7031987DB6DB}.Release|Any CPU.ActiveCfg = Release|Any CPU
		{3F80C31D-BB20-4CBB-BDD2-7031987DB6DB}.Release|Any CPU.Build.0 = Release|Any CPU
		{451021F9-DA7E-4A03-AB27-0BD9FCAA402C}.Debug|Any CPU.ActiveCfg = Debug|Any CPU
		{451021F9-DA7E-4A03-AB27-0BD9FCAA402C}.Debug|Any CPU.Build.0 = Debug|Any CPU
		{451021F9-DA7E-4A03-AB27-0BD9FCAA402C}.Release|Any CPU.ActiveCfg = Release|Any CPU
		{451021F9-DA7E-4A03-AB27-0BD9FCAA402C}.Release|Any CPU.Build.0 = Release|Any CPU
		{CE45EA97-824C-4FA4-9769-E26DFC9EC057}.Debug|Any CPU.ActiveCfg = Debug|Any CPU
		{CE45EA97-824C-4FA4-9769-E26DFC9EC057}.Debug|Any CPU.Build.0 = Debug|Any CPU
		{CE45EA97-824C-4FA4-9769-E26DFC9EC057}.Release|Any CPU.ActiveCfg = Release|Any CPU
		{CE45EA97-824C-4FA4-9769-E26DFC9EC057}.Release|Any CPU.Build.0 = Release|Any CPU
		{E9929296-211F-4F5C-B2F5-5CEBB8AF70E1}.Debug|Any CPU.ActiveCfg = Debug|Any CPU
		{E9929296-211F-4F5C-B2F5-5CEBB8AF70E1}.Debug|Any CPU.Build.0 = Debug|Any CPU
		{E9929296-211F-4F5C-B2F5-5CEBB8AF70E1}.Release|Any CPU.ActiveCfg = Release|Any CPU
		{E9929296-211F-4F5C-B2F5-5CEBB8AF70E1}.Release|Any CPU.Build.0 = Release|Any CPU
		{D2E9A9DB-382C-4D1D-8047-B343E7DEC544}.Debug|Any CPU.ActiveCfg = Debug|Any CPU
		{D2E9A9DB-382C-4D1D-8047-B343E7DEC544}.Debug|Any CPU.Build.0 = Debug|Any CPU
		{D2E9A9DB-382C-4D1D-8047-B343E7DEC544}.Release|Any CPU.ActiveCfg = Release|Any CPU
		{D2E9A9DB-382C-4D1D-8047-B343E7DEC544}.Release|Any CPU.Build.0 = Release|Any CPU
		{C5B33EAA-3A76-4CA7-AF08-79093B717978}.Debug|Any CPU.ActiveCfg = Debug|Any CPU
		{C5B33EAA-3A76-4CA7-AF08-79093B717978}.Debug|Any CPU.Build.0 = Debug|Any CPU
		{C5B33EAA-3A76-4CA7-AF08-79093B717978}.Release|Any CPU.ActiveCfg = Release|Any CPU
		{C5B33EAA-3A76-4CA7-AF08-79093B717978}.Release|Any CPU.Build.0 = Release|Any CPU
		{C8549DF1-F1C9-45F7-9FD8-353A37AF9A72}.Debug|Any CPU.ActiveCfg = Debug|Any CPU
		{C8549DF1-F1C9-45F7-9FD8-353A37AF9A72}.Debug|Any CPU.Build.0 = Debug|Any CPU
		{C8549DF1-F1C9-45F7-9FD8-353A37AF9A72}.Release|Any CPU.ActiveCfg = Release|Any CPU
		{C8549DF1-F1C9-45F7-9FD8-353A37AF9A72}.Release|Any CPU.Build.0 = Release|Any CPU
		{5B410423-902C-4DF3-A46C-900216733724}.Debug|Any CPU.ActiveCfg = Debug|Any CPU
		{5B410423-902C-4DF3-A46C-900216733724}.Debug|Any CPU.Build.0 = Debug|Any CPU
		{5B410423-902C-4DF3-A46C-900216733724}.Release|Any CPU.ActiveCfg = Release|Any CPU
		{5B410423-902C-4DF3-A46C-900216733724}.Release|Any CPU.Build.0 = Release|Any CPU
		{BE4B34C1-C1E1-4DDC-B025-E8CAE64B753E}.Debug|Any CPU.ActiveCfg = Debug|Any CPU
		{BE4B34C1-C1E1-4DDC-B025-E8CAE64B753E}.Debug|Any CPU.Build.0 = Debug|Any CPU
		{BE4B34C1-C1E1-4DDC-B025-E8CAE64B753E}.Release|Any CPU.ActiveCfg = Release|Any CPU
		{BE4B34C1-C1E1-4DDC-B025-E8CAE64B753E}.Release|Any CPU.Build.0 = Release|Any CPU
		{F872C1C6-269F-487C-A241-7ACD2C96B1DF}.Debug|Any CPU.ActiveCfg = Debug|Any CPU
		{F872C1C6-269F-487C-A241-7ACD2C96B1DF}.Debug|Any CPU.Build.0 = Debug|Any CPU
		{F872C1C6-269F-487C-A241-7ACD2C96B1DF}.Release|Any CPU.ActiveCfg = Release|Any CPU
		{F872C1C6-269F-487C-A241-7ACD2C96B1DF}.Release|Any CPU.Build.0 = Release|Any CPU
		{A31331EB-1309-47E2-AE1E-14770B93DC9D}.Debug|Any CPU.ActiveCfg = Debug|Any CPU
		{A31331EB-1309-47E2-AE1E-14770B93DC9D}.Debug|Any CPU.Build.0 = Debug|Any CPU
		{A31331EB-1309-47E2-AE1E-14770B93DC9D}.Release|Any CPU.ActiveCfg = Release|Any CPU
		{A31331EB-1309-47E2-AE1E-14770B93DC9D}.Release|Any CPU.Build.0 = Release|Any CPU
		{5A6863C3-6BE7-4C98-B9E7-48C6E7C002F4}.Debug|Any CPU.ActiveCfg = Debug|Any CPU
		{5A6863C3-6BE7-4C98-B9E7-48C6E7C002F4}.Debug|Any CPU.Build.0 = Debug|Any CPU
		{5A6863C3-6BE7-4C98-B9E7-48C6E7C002F4}.Release|Any CPU.ActiveCfg = Release|Any CPU
		{5A6863C3-6BE7-4C98-B9E7-48C6E7C002F4}.Release|Any CPU.Build.0 = Release|Any CPU
		{7DA1B48E-0B79-456D-B772-969F3BED3B14}.Debug|Any CPU.ActiveCfg = Debug|Any CPU
		{7DA1B48E-0B79-456D-B772-969F3BED3B14}.Debug|Any CPU.Build.0 = Debug|Any CPU
		{7DA1B48E-0B79-456D-B772-969F3BED3B14}.Release|Any CPU.ActiveCfg = Release|Any CPU
		{7DA1B48E-0B79-456D-B772-969F3BED3B14}.Release|Any CPU.Build.0 = Release|Any CPU
		{0188C746-DFDA-49D8-9F7D-A8DA4E85175B}.Debug|Any CPU.ActiveCfg = Debug|Any CPU
		{0188C746-DFDA-49D8-9F7D-A8DA4E85175B}.Debug|Any CPU.Build.0 = Debug|Any CPU
		{0188C746-DFDA-49D8-9F7D-A8DA4E85175B}.Release|Any CPU.ActiveCfg = Release|Any CPU
		{0188C746-DFDA-49D8-9F7D-A8DA4E85175B}.Release|Any CPU.Build.0 = Release|Any CPU
		{DB517F69-4A30-4706-8DD5-2B8A796951B1}.Debug|Any CPU.ActiveCfg = Debug|Any CPU
		{DB517F69-4A30-4706-8DD5-2B8A796951B1}.Debug|Any CPU.Build.0 = Debug|Any CPU
		{DB517F69-4A30-4706-8DD5-2B8A796951B1}.Release|Any CPU.ActiveCfg = Release|Any CPU
		{DB517F69-4A30-4706-8DD5-2B8A796951B1}.Release|Any CPU.Build.0 = Release|Any CPU
		{9769F73B-4375-44F5-A4B5-19D2DE3EB1DD}.Debug|Any CPU.ActiveCfg = Debug|Any CPU
		{9769F73B-4375-44F5-A4B5-19D2DE3EB1DD}.Debug|Any CPU.Build.0 = Debug|Any CPU
		{9769F73B-4375-44F5-A4B5-19D2DE3EB1DD}.Release|Any CPU.ActiveCfg = Release|Any CPU
		{9769F73B-4375-44F5-A4B5-19D2DE3EB1DD}.Release|Any CPU.Build.0 = Release|Any CPU
		{21B175BC-5970-40C4-AF38-ADA427C8A680}.Debug|Any CPU.ActiveCfg = Debug|Any CPU
		{21B175BC-5970-40C4-AF38-ADA427C8A680}.Debug|Any CPU.Build.0 = Debug|Any CPU
		{21B175BC-5970-40C4-AF38-ADA427C8A680}.Release|Any CPU.ActiveCfg = Release|Any CPU
		{21B175BC-5970-40C4-AF38-ADA427C8A680}.Release|Any CPU.Build.0 = Release|Any CPU
		{BE1AFA94-F5F4-4A37-8B4E-EC53A8E4DEE0}.Debug|Any CPU.ActiveCfg = Debug|Any CPU
		{BE1AFA94-F5F4-4A37-8B4E-EC53A8E4DEE0}.Debug|Any CPU.Build.0 = Debug|Any CPU
		{BE1AFA94-F5F4-4A37-8B4E-EC53A8E4DEE0}.Release|Any CPU.ActiveCfg = Release|Any CPU
		{BE1AFA94-F5F4-4A37-8B4E-EC53A8E4DEE0}.Release|Any CPU.Build.0 = Release|Any CPU
		{B8EDD921-793B-4F3F-91DE-739290ECC362}.Debug|Any CPU.ActiveCfg = Debug|Any CPU
		{B8EDD921-793B-4F3F-91DE-739290ECC362}.Debug|Any CPU.Build.0 = Debug|Any CPU
		{B8EDD921-793B-4F3F-91DE-739290ECC362}.Release|Any CPU.ActiveCfg = Release|Any CPU
		{B8EDD921-793B-4F3F-91DE-739290ECC362}.Release|Any CPU.Build.0 = Release|Any CPU
		{098510F3-9F7B-4C64-BC87-82D6EAFF98E5}.Debug|Any CPU.ActiveCfg = Debug|Any CPU
		{098510F3-9F7B-4C64-BC87-82D6EAFF98E5}.Debug|Any CPU.Build.0 = Debug|Any CPU
		{098510F3-9F7B-4C64-BC87-82D6EAFF98E5}.Release|Any CPU.ActiveCfg = Release|Any CPU
		{098510F3-9F7B-4C64-BC87-82D6EAFF98E5}.Release|Any CPU.Build.0 = Release|Any CPU
		{3FD69A38-886D-4731-BFBA-F5ED11D03911}.Debug|Any CPU.ActiveCfg = Debug|Any CPU
		{3FD69A38-886D-4731-BFBA-F5ED11D03911}.Debug|Any CPU.Build.0 = Debug|Any CPU
		{3FD69A38-886D-4731-BFBA-F5ED11D03911}.Release|Any CPU.ActiveCfg = Release|Any CPU
		{3FD69A38-886D-4731-BFBA-F5ED11D03911}.Release|Any CPU.Build.0 = Release|Any CPU
		{39B98117-5E62-436F-9F0D-4CB482225A5F}.Debug|Any CPU.ActiveCfg = Debug|Any CPU
		{39B98117-5E62-436F-9F0D-4CB482225A5F}.Debug|Any CPU.Build.0 = Debug|Any CPU
		{39B98117-5E62-436F-9F0D-4CB482225A5F}.Release|Any CPU.ActiveCfg = Release|Any CPU
		{39B98117-5E62-436F-9F0D-4CB482225A5F}.Release|Any CPU.Build.0 = Release|Any CPU
		{1D90F56E-B141-4664-8779-72EEEDAD595E}.Debug|Any CPU.ActiveCfg = Debug|Any CPU
		{1D90F56E-B141-4664-8779-72EEEDAD595E}.Debug|Any CPU.Build.0 = Debug|Any CPU
		{1D90F56E-B141-4664-8779-72EEEDAD595E}.Release|Any CPU.ActiveCfg = Release|Any CPU
		{1D90F56E-B141-4664-8779-72EEEDAD595E}.Release|Any CPU.Build.0 = Release|Any CPU
		{D1FACB8A-3254-44C5-AAB0-E713856B7EF4}.Debug|Any CPU.ActiveCfg = Debug|Any CPU
		{D1FACB8A-3254-44C5-AAB0-E713856B7EF4}.Debug|Any CPU.Build.0 = Debug|Any CPU
		{D1FACB8A-3254-44C5-AAB0-E713856B7EF4}.Release|Any CPU.ActiveCfg = Release|Any CPU
		{D1FACB8A-3254-44C5-AAB0-E713856B7EF4}.Release|Any CPU.Build.0 = Release|Any CPU
	EndGlobalSection
	GlobalSection(SolutionProperties) = preSolution
		HideSolutionNode = FALSE
	EndGlobalSection
EndGlobal
