
Microsoft Visual Studio Solution File, Format Version 12.00
# Visual Studio 14
VisualStudioVersion = 14.0.25123.0
MinimumVisualStudioVersion = 10.0.40219.1
Project("{FAE04EC0-301F-11D3-BF4B-00C04F79EFBC}") = "tesAplicationDataTables", "tesAplicationDataTables\tesAplicationDataTables.csproj", "{F6F840DB-0903-45F8-B379-CD8AF45B829A}"
EndProject
Project("{FAE04EC0-301F-11D3-BF4B-00C04F79EFBC}") = "tesAplicationDataTables.Tests", "tesAplicationDataTables.Tests\tesAplicationDataTables.Tests.csproj", "{459E73E5-4757-4B76-8EC3-98B6F9E0C17D}"
EndProject
Global
	GlobalSection(SolutionConfigurationPlatforms) = preSolution
		Debug|Any CPU = Debug|Any CPU
		Release|Any CPU = Release|Any CPU
	EndGlobalSection
	GlobalSection(ProjectConfigurationPlatforms) = postSolution
		{F6F840DB-0903-45F8-B379-CD8AF45B829A}.Debug|Any CPU.ActiveCfg = Debug|Any CPU
		{F6F840DB-0903-45F8-B379-CD8AF45B829A}.Debug|Any CPU.Build.0 = Debug|Any CPU
		{F6F840DB-0903-45F8-B379-CD8AF45B829A}.Release|Any CPU.ActiveCfg = Release|Any CPU
		{F6F840DB-0903-45F8-B379-CD8AF45B829A}.Release|Any CPU.Build.0 = Release|Any CPU
		{459E73E5-4757-4B76-8EC3-98B6F9E0C17D}.Debug|Any CPU.ActiveCfg = Debug|Any CPU
		{459E73E5-4757-4B76-8EC3-98B6F9E0C17D}.Debug|Any CPU.Build.0 = Debug|Any CPU
		{459E73E5-4757-4B76-8EC3-98B6F9E0C17D}.Release|Any CPU.ActiveCfg = Release|Any CPU
		{459E73E5-4757-4B76-8EC3-98B6F9E0C17D}.Release|Any CPU.Build.0 = Release|Any CPU
	EndGlobalSection
	GlobalSection(SolutionProperties) = preSolution
		HideSolutionNode = FALSE
	EndGlobalSection
EndGlobal
